// !$*UTF8*$!
{
	archiveVersion = 1;
	classes = {
	};
	objectVersion = 60;
	objects = {

/* Begin PBXBuildFile section */
		22F4BA7F03554F2F832BB17F /* CheckSpendingIntent.swift in Sources */ = {isa = PBXBuildFile; fileRef = FDE7BBA2148F423BB502B443 /* CheckSpendingIntent.swift */; };
		92D4C458A63C41A0ADCE2635 /* AddTransactionIntent.swift in Sources */ = {isa = PBXBuildFile; fileRef = 21B369B0C6174C9F85450BD3 /* AddTransactionIntent.swift */; };
		D0CFE17A5330482B891E69D2 /* CheckBudgetIntent.swift in Sources */ = {isa = PBXBuildFile; fileRef = EBCB703DAAD14A70B79E35A6 /* CheckBudgetIntent.swift */; };
		53139D19576F45B6AA32BF5A /* CashCatShortcuts.swift in Sources */ = {isa = PBXBuildFile; fileRef = 606583A1612541B698B568A7 /* CashCatShortcuts.swift */; };
		B0212223A3934D3EBFF8568E /* SpotlightIndexer.swift in Sources */ = {isa = PBXBuildFile; fileRef = 155DD28763B14FA6B8C6BCAE /* SpotlightIndexer.swift */; };
		214F2762D6ED4E6987E4C3D3 /* AccessoryWidgetViews.swift in Sources */ = {isa = PBXBuildFile; fileRef = E6723BFD6D404EFCBA96B2E7 /* AccessoryWidgetViews.swift */; };
		F44B8BB28C1D4C0CB8CBAFFC /* QuickAddControl.swift in Sources */ = {isa = PBXBuildFile; fileRef = 7FE43EA5D2604170BAC35350 /* QuickAddControl.swift */; };
		6E9EC09C46284A139ABABA8C /* AuthManager.swift in Sources */ = {isa = PBXBuildFile; fileRef = AAE582F0475D4A6F9DE278BE /* AuthManager.swift */; };
		1C6EE27E20644C77974D3055 /* AuthManager.swift in Sources */ = {isa = PBXBuildFile; fileRef = AAE582F0475D4A6F9DE278BE /* AuthManager.swift */; };
		5C6610CECF5F4C2FAA75DDED /* SupabaseClient.swift in Sources */ = {isa = PBXBuildFile; fileRef = 2340DB5EBC424D88BA11C3ED /* SupabaseClient.swift */; };
		7E79E6B357AF49D3A06C7A1F /* SupabaseClient.swift in Sources */ = {isa = PBXBuildFile; fileRef = 2340DB5EBC424D88BA11C3ED /* SupabaseClient.swift */; };
		44F0ED58587E416F82F98D5E /* SpendingData.swift in Sources */ = {isa = PBXBuildFile; fileRef = 761039A5D08C4B399A0C07F3 /* SpendingData.swift */; };
		3EF22785C2C7404289B30140 /* SpendingData.swift in Sources */ = {isa = PBXBuildFile; fileRef = 761039A5D08C4B399A0C07F3 /* SpendingData.swift */; };
		2FAD9763203C412B000D30F8 /* config.xml in Resources */ = {isa = PBXBuildFile; fileRef = 2FAD9762203C412B000D30F8 /* config.xml */; };
		4D22ABE92AF431CB00220026 /* CapApp-SPM in Frameworks */ = {isa = PBXBuildFile; productRef = 4D22ABE82AF431CB00220026 /* CapApp-SPM */; };
		50379B232058CBB4000EE86E /* capacitor.config.json in Resources */ = {isa = PBXBuildFile; fileRef = 50379B222058CBB4000EE86E /* capacitor.config.json */; };
		504EC3081FED79650016851F /* AppDelegate.swift in Sources */ = {isa = PBXBuildFile; fileRef = 504EC3071FED79650016851F /* AppDelegate.swift */; };
		504EC30D1FED79650016851F /* Main.storyboard in Resources */ = {isa = PBXBuildFile; fileRef = 504EC30B1FED79650016851F /* Main.storyboard */; };
		504EC30F1FED79650016851F /* Assets.xcassets in Resources */ = {isa = PBXBuildFile; fileRef = 504EC30E1FED79650016851F /* Assets.xcassets */; };
		504EC3121FED79650016851F /* LaunchScreen.storyboard in Resources */ = {isa = PBXBuildFile; fileRef = 504EC3101FED79650016851F /* LaunchScreen.storyboard */; };
		50B271D11FEDC1A000F3C39B /* public in Resources */ = {isa = PBXBuildFile; fileRef = 50B271D01FEDC1A000F3C39B /* public */; };
		AA1000010000000000000001 /* AuthBridgePlugin.swift in Sources */ = {isa = PBXBuildFile; fileRef = AA0000010000000000000001 /* AuthBridgePlugin.swift */; };
		AA1000010000000000000002 /* AuthBridgePlugin.m in Sources */ = {isa = PBXBuildFile; fileRef = AA0000010000000000000002 /* AuthBridgePlugin.m */; };
		AA1000010000000000000003 /* SharedConstants.swift in Sources */ = {isa = PBXBuildFile; fileRef = AA0000010000000000000003 /* SharedConstants.swift */; };
		AA1000010000000000000004 /* SharedConstants.swift in Sources */ = {isa = PBXBuildFile; fileRef = AA0000010000000000000003 /* SharedConstants.swift */; };
		AA1000010000000000000005 /* CashCatWidgetBundle.swift in Sources */ = {isa = PBXBuildFile; fileRef = AA0000010000000000000005 /* CashCatWidgetBundle.swift */; };
		AA1000010000000000000006 /* CashCatWidget.swift in Sources */ = {isa = PBXBuildFile; fileRef = AA0000010000000000000006 /* CashCatWidget.swift */; };
		AA1000010000000000000007 /* Intent.swift in Sources */ = {isa = PBXBuildFile; fileRef = AA0000010000000000000007 /* Intent.swift */; };
		AA1000010000000000000008 /* SpendingData.swift in Sources */ = {isa = PBXBuildFile; fileRef = AA0000010000000000000008 /* SpendingData.swift */; };
		AA1000010000000000000009 /* SpendingEntry.swift in Sources */ = {isa = PBXBuildFile; fileRef = AA0000010000000000000009 /* SpendingEntry.swift */; };
		AA100001000000000000000C /* SmallWidgetView.swift in Sources */ = {isa = PBXBuildFile; fileRef = AA000001000000000000000C /* SmallWidgetView.swift */; };
		AA100001000000000000000D /* MediumWidgetView.swift in Sources */ = {isa = PBXBuildFile; fileRef = AA000001000000000000000D /* MediumWidgetView.swift */; };
		AA100001000000000000000E /* LargeWidgetView.swift in Sources */ = {isa = PBXBuildFile; fileRef = AA000001000000000000000E /* LargeWidgetView.swift */; };
		AA100001000000000000000F /* WidgetStyles.swift in Sources */ = {isa = PBXBuildFile; fileRef = AA000001000000000000000F /* WidgetStyles.swift */; };
		AA1000010000000000000010 /* ErrorViews.swift in Sources */ = {isa = PBXBuildFile; fileRef = AA0000010000000000000010 /* ErrorViews.swift */; };
		AA1000010000000000000011 /* Assets.xcassets in Resources */ = {isa = PBXBuildFile; fileRef = AA0000010000000000000011 /* Assets.xcassets */; };
		AA1000010000000000000012 /* CashCatWidgetExtension.appex in Embed App Extensions */ = {isa = PBXBuildFile; fileRef = AA0000010000000000000014 /* CashCatWidgetExtension.appex */; settings = {ATTRIBUTES = (RemoveHeadersOnCopy, ); }; };
/* End PBXBuildFile section */

/* Begin PBXContainerItemProxy section */
		AA2000010000000000000001 /* PBXContainerItemProxy */ = {
			isa = PBXContainerItemProxy;
			containerPortal = 504EC2FC1FED79650016851F /* Project object */;
			proxyType = 1;
			remoteGlobalIDString = AA3000010000000000000001;
			remoteInfo = CashCatWidgetExtension;
		};
/* End PBXContainerItemProxy section */

/* Begin PBXCopyFilesBuildPhase section */
		AA4000010000000000000001 /* Embed App Extensions */ = {
			isa = PBXCopyFilesBuildPhase;
			buildActionMask = 2147483647;
			dstPath = "";
			dstSubfolderSpec = 13;
			files = (
				AA1000010000000000000012 /* CashCatWidgetExtension.appex in Embed App Extensions */,
			);
			name = "Embed App Extensions";
			runOnlyForDeploymentPostprocessing = 0;
		};
/* End PBXCopyFilesBuildPhase section */

/* Begin PBXFileReference section */
		FDE7BBA2148F423BB502B443 /* CheckSpendingIntent.swift */ = {isa = PBXFileReference; fileEncoding = 4; lastKnownFileType = sourcecode.swift; path = CheckSpendingIntent.swift; sourceTree = "<group>"; };
		21B369B0C6174C9F85450BD3 /* AddTransactionIntent.swift */ = {isa = PBXFileReference; fileEncoding = 4; lastKnownFileType = sourcecode.swift; path = AddTransactionIntent.swift; sourceTree = "<group>"; };
		EBCB703DAAD14A70B79E35A6 /* CheckBudgetIntent.swift */ = {isa = PBXFileReference; fileEncoding = 4; lastKnownFileType = sourcecode.swift; path = CheckBudgetIntent.swift; sourceTree = "<group>"; };
		606583A1612541B698B568A7 /* CashCatShortcuts.swift */ = {isa = PBXFileReference; fileEncoding = 4; lastKnownFileType = sourcecode.swift; path = CashCatShortcuts.swift; sourceTree = "<group>"; };
		155DD28763B14FA6B8C6BCAE /* SpotlightIndexer.swift */ = {isa = PBXFileReference; fileEncoding = 4; lastKnownFileType = sourcecode.swift; path = SpotlightIndexer.swift; sourceTree = "<group>"; };
		E6723BFD6D404EFCBA96B2E7 /* AccessoryWidgetViews.swift */ = {isa = PBXFileReference; fileEncoding = 4; lastKnownFileType = sourcecode.swift; path = AccessoryWidgetViews.swift; sourceTree = "<group>"; };
		7FE43EA5D2604170BAC35350 /* QuickAddControl.swift */ = {isa = PBXFileReference; fileEncoding = 4; lastKnownFileType = sourcecode.swift; path = QuickAddControl.swift; sourceTree = "<group>"; };
		AAE582F0475D4A6F9DE278BE /* AuthManager.swift */ = {isa = PBXFileReference; fileEncoding = 4; lastKnownFileType = sourcecode.swift; path = AuthManager.swift; sourceTree = "<group>"; };
		2340DB5EBC424D88BA11C3ED /* SupabaseClient.swift */ = {isa = PBXFileReference; fileEncoding = 4; lastKnownFileType = sourcecode.swift; path = SupabaseClient.swift; sourceTree = "<group>"; };
		761039A5D08C4B399A0C07F3 /* SpendingData.swift */ = {isa = PBXFileReference; fileEncoding = 4; lastKnownFileType = sourcecode.swift; path = SpendingData.swift; sourceTree = "<group>"; };
		2FAD9762203C412B000D30F8 /* config.xml */ = {isa = PBXFileReference; lastKnownFileType = text.xml; path = config.xml; sourceTree = "<group>"; };
		50379B222058CBB4000EE86E /* capacitor.config.json */ = {isa = PBXFileReference; fileEncoding = 4; lastKnownFileType = text.json; path = capacitor.config.json; sourceTree = "<group>"; };
		504EC3041FED79650016851F /* App.app */ = {isa = PBXFileReference; explicitFileType = wrapper.application; includeInIndex = 0; path = App.app; sourceTree = BUILT_PRODUCTS_DIR; };
		504EC3071FED79650016851F /* AppDelegate.swift */ = {isa = PBXFileReference; lastKnownFileType = sourcecode.swift; path = AppDelegate.swift; sourceTree = "<group>"; };
		504EC30C1FED79650016851F /* Base */ = {isa = PBXFileReference; lastKnownFileType = file.storyboard; name = Base; path = Base.lproj/Main.storyboard; sourceTree = "<group>"; };
		504EC30E1FED79650016851F /* Assets.xcassets */ = {isa = PBXFileReference; lastKnownFileType = folder.assetcatalog; path = Assets.xcassets; sourceTree = "<group>"; };
		504EC3111FED79650016851F /* Base */ = {isa = PBXFileReference; lastKnownFileType = file.storyboard; name = Base; path = Base.lproj/LaunchScreen.storyboard; sourceTree = "<group>"; };
		504EC3131FED79650016851F /* Info.plist */ = {isa = PBXFileReference; lastKnownFileType = text.plist.xml; path = Info.plist; sourceTree = "<group>"; };
		50B271D01FEDC1A000F3C39B /* public */ = {isa = PBXFileReference; lastKnownFileType = folder; path = public; sourceTree = "<group>"; };
		958DCC722DB07C7200EA8C5F /* debug.xcconfig */ = {isa = PBXFileReference; lastKnownFileType = text.xcconfig; name = debug.xcconfig; path = ../debug.xcconfig; sourceTree = SOURCE_ROOT; };
		AA0000010000000000000001 /* AuthBridgePlugin.swift */ = {isa = PBXFileReference; lastKnownFileType = sourcecode.swift; path = AuthBridgePlugin.swift; sourceTree = "<group>"; };
		AA0000010000000000000002 /* AuthBridgePlugin.m */ = {isa = PBXFileReference; lastKnownFileType = sourcecode.c.objc; path = AuthBridgePlugin.m; sourceTree = "<group>"; };
		AA0000010000000000000003 /* SharedConstants.swift */ = {isa = PBXFileReference; lastKnownFileType = sourcecode.swift; path = SharedConstants.swift; sourceTree = "<group>"; };
		AA0000010000000000000004 /* App.entitlements */ = {isa = PBXFileReference; lastKnownFileType = text.plist.entitlements; path = App.entitlements; sourceTree = "<group>"; };
		AA0000010000000000000005 /* CashCatWidgetBundle.swift */ = {isa = PBXFileReference; lastKnownFileType = sourcecode.swift; path = CashCatWidgetBundle.swift; sourceTree = "<group>"; };
		AA0000010000000000000006 /* CashCatWidget.swift */ = {isa = PBXFileReference; lastKnownFileType = sourcecode.swift; path = CashCatWidget.swift; sourceTree = "<group>"; };
		AA0000010000000000000007 /* Intent.swift */ = {isa = PBXFileReference; lastKnownFileType = sourcecode.swift; path = Intent.swift; sourceTree = "<group>"; };
		AA0000010000000000000008 /* SpendingData.swift */ = {isa = PBXFileReference; lastKnownFileType = sourcecode.swift; path = SpendingData.swift; sourceTree = "<group>"; };
		AA0000010000000000000009 /* SpendingEntry.swift */ = {isa = PBXFileReference; lastKnownFileType = sourcecode.swift; path = SpendingEntry.swift; sourceTree = "<group>"; };
		AA000001000000000000000C /* SmallWidgetView.swift */ = {isa = PBXFileReference; lastKnownFileType = sourcecode.swift; path = SmallWidgetView.swift; sourceTree = "<group>"; };
		AA000001000000000000000D /* MediumWidgetView.swift */ = {isa = PBXFileReference; lastKnownFileType = sourcecode.swift; path = MediumWidgetView.swift; sourceTree = "<group>"; };
		AA000001000000000000000E /* LargeWidgetView.swift */ = {isa = PBXFileReference; lastKnownFileType = sourcecode.swift; path = LargeWidgetView.swift; sourceTree = "<group>"; };
		AA000001000000000000000F /* WidgetStyles.swift */ = {isa = PBXFileReference; lastKnownFileType = sourcecode.swift; path = WidgetStyles.swift; sourceTree = "<group>"; };
		AA0000010000000000000010 /* ErrorViews.swift */ = {isa = PBXFileReference; lastKnownFileType = sourcecode.swift; path = ErrorViews.swift; sourceTree = "<group>"; };
		AA0000010000000000000011 /* Assets.xcassets */ = {isa = PBXFileReference; lastKnownFileType = folder.assetcatalog; path = Assets.xcassets; sourceTree = "<group>"; };
		AA0000010000000000000012 /* Info.plist */ = {isa = PBXFileReference; lastKnownFileType = text.plist.xml; path = Info.plist; sourceTree = "<group>"; };
		AA0000010000000000000013 /* CashCatWidget.entitlements */ = {isa = PBXFileReference; lastKnownFileType = text.plist.entitlements; path = CashCatWidget.entitlements; sourceTree = "<group>"; };
		AA0000010000000000000014 /* CashCatWidgetExtension.appex */ = {isa = PBXFileReference; explicitFileType = "wrapper.app-extension"; includeInIndex = 0; path = CashCatWidgetExtension.appex; sourceTree = BUILT_PRODUCTS_DIR; };
/* End PBXFileReference section */

/* Begin PBXFrameworksBuildPhase section */
		504EC3011FED79650016851F /* Frameworks */ = {
			isa = PBXFrameworksBuildPhase;
			buildActionMask = 2147483647;
			files = (
				4D22ABE92AF431CB00220026 /* CapApp-SPM in Frameworks */,
			);
			runOnlyForDeploymentPostprocessing = 0;
		};
		AA5000010000000000000001 /* Frameworks */ = {
			isa = PBXFrameworksBuildPhase;
			buildActionMask = 2147483647;
			files = (
			);
			runOnlyForDeploymentPostprocessing = 0;
		};
/* End PBXFrameworksBuildPhase section */

/* Begin PBXGroup section */
		BB1001001001001001001001 /* AppIntents */ = {
			isa = PBXGroup;
			children = (
				FDE7BBA2148F423BB502B443 /* CheckSpendingIntent.swift */,
				21B369B0C6174C9F85450BD3 /* AddTransactionIntent.swift */,
				EBCB703DAAD14A70B79E35A6 /* CheckBudgetIntent.swift */,
				606583A1612541B698B568A7 /* CashCatShortcuts.swift */,
			);
			path = AppIntents;
			sourceTree = "<group>";
		};
		BB1001001001001001001002 /* Spotlight */ = {
			isa = PBXGroup;
			children = (
				155DD28763B14FA6B8C6BCAE /* SpotlightIndexer.swift */,
			);
			path = Spotlight;
			sourceTree = "<group>";
		};
		BB1001001001001001001004 /* Controls */ = {
			isa = PBXGroup;
			children = (
				7FE43EA5D2604170BAC35350 /* QuickAddControl.swift */,
			);
			path = Controls;
			sourceTree = "<group>";
		};
		BB1001001001001001001005 /* Networking */ = {
			isa = PBXGroup;
			children = (
				AAE582F0475D4A6F9DE278BE /* AuthManager.swift */,
				2340DB5EBC424D88BA11C3ED /* SupabaseClient.swift */,
			);
			path = Networking;
			sourceTree = "<group>";
		};
		BB1001001001001001001006 /* Models */ = {
			isa = PBXGroup;
			children = (
				761039A5D08C4B399A0C07F3 /* SpendingData.swift */,
			);
			path = Models;
			sourceTree = "<group>";
		};
		504EC2FB1FED79650016851F = {
			isa = PBXGroup;
			children = (
				958DCC722DB07C7200EA8C5F /* debug.xcconfig */,
				504EC3061FED79650016851F /* App */,
				AA6000010000000000000005 /* Shared */,
				AA6000010000000000000001 /* CashCatWidget */,
				504EC3051FED79650016851F /* Products */,
			);
			sourceTree = "<group>";
		};
		504EC3051FED79650016851F /* Products */ = {
			isa = PBXGroup;
			children = (
				504EC3041FED79650016851F /* App.app */,
				AA0000010000000000000014 /* CashCatWidgetExtension.appex */,
			);
			name = Products;
			sourceTree = "<group>";
		};
		504EC3061FED79650016851F /* App */ = {
			isa = PBXGroup;
			children = (
				AA0000010000000000000004 /* App.entitlements */,
				50379B222058CBB4000EE86E /* capacitor.config.json */,
				504EC3071FED79650016851F /* AppDelegate.swift */,
				AA0000010000000000000001 /* AuthBridgePlugin.swift */,
				AA0000010000000000000002 /* AuthBridgePlugin.m */,
				BB1001001001001001001001 /* AppIntents */,
				BB1001001001001001001002 /* Spotlight */,
				504EC30B1FED79650016851F /* Main.storyboard */,
				504EC30E1FED79650016851F /* Assets.xcassets */,
				504EC3101FED79650016851F /* LaunchScreen.storyboard */,
				504EC3131FED79650016851F /* Info.plist */,
				2FAD9762203C412B000D30F8 /* config.xml */,
				50B271D01FEDC1A000F3C39B /* public */,
			);
			path = App;
			sourceTree = "<group>";
		};
		AA6000010000000000000001 /* CashCatWidget */ = {
			isa = PBXGroup;
			children = (
				AA0000010000000000000013 /* CashCatWidget.entitlements */,
				AA0000010000000000000005 /* CashCatWidgetBundle.swift */,
				AA0000010000000000000006 /* CashCatWidget.swift */,
				AA0000010000000000000007 /* Intent.swift */,
				AA6000010000000000000002 /* Models */,
				AA6000010000000000000004 /* Views */,
				BB1001001001001001001004 /* Controls */,
				AA0000010000000000000011 /* Assets.xcassets */,
				AA0000010000000000000012 /* Info.plist */,
			);
			path = CashCatWidget;
			sourceTree = "<group>";
		};
		AA6000010000000000000002 /* Models */ = {
			isa = PBXGroup;
			children = (
				AA0000010000000000000008 /* SpendingData.swift */,
				AA0000010000000000000009 /* SpendingEntry.swift */,
			);
			path = Models;
			sourceTree = "<group>";
		};
		AA6000010000000000000004 /* Views */ = {
			isa = PBXGroup;
			children = (
				AA000001000000000000000F /* WidgetStyles.swift */,
				AA000001000000000000000C /* SmallWidgetView.swift */,
				AA000001000000000000000D /* MediumWidgetView.swift */,
				AA000001000000000000000E /* LargeWidgetView.swift */,
				AA0000010000000000000010 /* ErrorViews.swift */,
				E6723BFD6D404EFCBA96B2E7 /* AccessoryWidgetViews.swift */,
			);
			path = Views;
			sourceTree = "<group>";
		};
		AA6000010000000000000005 /* Shared */ = {
			isa = PBXGroup;
			children = (
				AA0000010000000000000003 /* SharedConstants.swift */,
				BB1001001001001001001005 /* Networking */,
				BB1001001001001001001006 /* Models */,
			);
			path = Shared;
			sourceTree = "<group>";
		};
/* End PBXGroup section */

/* Begin PBXNativeTarget section */
		504EC3031FED79650016851F /* App */ = {
			isa = PBXNativeTarget;
			buildConfigurationList = 504EC3161FED79650016851F /* Build configuration list for PBXNativeTarget "App" */;
			buildPhases = (
				504EC3001FED79650016851F /* Sources */,
				504EC3011FED79650016851F /* Frameworks */,
				504EC3021FED79650016851F /* Resources */,
				AA4000010000000000000001 /* Embed App Extensions */,
			);
			buildRules = (
			);
			dependencies = (
				AA2000010000000000000002 /* PBXTargetDependency */,
			);
			name = App;
			packageProductDependencies = (
				4D22ABE82AF431CB00220026 /* CapApp-SPM */,
			);
			productName = App;
			productReference = 504EC3041FED79650016851F /* App.app */;
			productType = "com.apple.product-type.application";
		};
		AA3000010000000000000001 /* CashCatWidgetExtension */ = {
			isa = PBXNativeTarget;
			buildConfigurationList = AA7000010000000000000003 /* Build configuration list for PBXNativeTarget "CashCatWidgetExtension" */;
			buildPhases = (
				AA5000010000000000000002 /* Sources */,
				AA5000010000000000000001 /* Frameworks */,
				AA5000010000000000000003 /* Resources */,
			);
			buildRules = (
			);
			dependencies = (
			);
			name = CashCatWidgetExtension;
			productName = CashCatWidgetExtension;
			productReference = AA0000010000000000000014 /* CashCatWidgetExtension.appex */;
			productType = "com.apple.product-type.app-extension";
		};
/* End PBXNativeTarget section */

/* Begin PBXProject section */
		504EC2FC1FED79650016851F /* Project object */ = {
			isa = PBXProject;
			attributes = {
				LastSwiftUpdateCheck = 0920;
				LastUpgradeCheck = 0920;
				TargetAttributes = {
					504EC3031FED79650016851F = {
						CreatedOnToolsVersion = 9.2;
						LastSwiftMigration = 1100;
						ProvisioningStyle = Automatic;
					};
					AA3000010000000000000001 = {
						CreatedOnToolsVersion = 15.0;
						ProvisioningStyle = Automatic;
					};
				};
			};
			buildConfigurationList = 504EC2FF1FED79650016851F /* Build configuration list for PBXProject "App" */;
			compatibilityVersion = "Xcode 8.0";
			developmentRegion = en;
			hasScannedForEncodings = 0;
			knownRegions = (
				en,
				Base,
			);
			mainGroup = 504EC2FB1FED79650016851F;
			packageReferences = (
				D4C12C0A2AAA248700AAC8A2 /* XCLocalSwiftPackageReference "CapApp-SPM" */,
			);
			productRefGroup = 504EC3051FED79650016851F /* Products */;
			projectDirPath = "";
			projectRoot = "";
			targets = (
				504EC3031FED79650016851F /* App */,
				AA3000010000000000000001 /* CashCatWidgetExtension */,
			);
		};
/* End PBXProject section */

/* Begin PBXResourcesBuildPhase section */
		504EC3021FED79650016851F /* Resources */ = {
			isa = PBXResourcesBuildPhase;
			buildActionMask = 2147483647;
			files = (
				504EC3121FED79650016851F /* LaunchScreen.storyboard in Resources */,
				50B271D11FEDC1A000F3C39B /* public in Resources */,
				504EC30F1FED79650016851F /* Assets.xcassets in Resources */,
				50379B232058CBB4000EE86E /* capacitor.config.json in Resources */,
				504EC30D1FED79650016851F /* Main.storyboard in Resources */,
				2FAD9763203C412B000D30F8 /* config.xml in Resources */,
			);
			runOnlyForDeploymentPostprocessing = 0;
		};
		AA5000010000000000000003 /* Resources */ = {
			isa = PBXResourcesBuildPhase;
			buildActionMask = 2147483647;
			files = (
				AA1000010000000000000011 /* Assets.xcassets in Resources */,
			);
			runOnlyForDeploymentPostprocessing = 0;
		};
/* End PBXResourcesBuildPhase section */

/* Begin PBXSourcesBuildPhase section */
		504EC3001FED79650016851F /* Sources */ = {
			isa = PBXSourcesBuildPhase;
			buildActionMask = 2147483647;
			files = (
				504EC3081FED79650016851F /* AppDelegate.swift in Sources */,
				AA1000010000000000000001 /* AuthBridgePlugin.swift in Sources */,
				AA1000010000000000000002 /* AuthBridgePlugin.m in Sources */,
				AA1000010000000000000003 /* SharedConstants.swift in Sources */,
				22F4BA7F03554F2F832BB17F /* CheckSpendingIntent.swift in Sources */,
				92D4C458A63C41A0ADCE2635 /* AddTransactionIntent.swift in Sources */,
				D0CFE17A5330482B891E69D2 /* CheckBudgetIntent.swift in Sources */,
				53139D19576F45B6AA32BF5A /* CashCatShortcuts.swift in Sources */,
				B0212223A3934D3EBFF8568E /* SpotlightIndexer.swift in Sources */,
				6E9EC09C46284A139ABABA8C /* AuthManager.swift in Sources */,
				5C6610CECF5F4C2FAA75DDED /* SupabaseClient.swift in Sources */,
				44F0ED58587E416F82F98D5E /* SpendingData.swift in Sources */,
			);
			runOnlyForDeploymentPostprocessing = 0;
		};
		AA5000010000000000000002 /* Sources */ = {
			isa = PBXSourcesBuildPhase;
			buildActionMask = 2147483647;
			files = (
				AA1000010000000000000004 /* SharedConstants.swift in Sources */,
				AA1000010000000000000005 /* CashCatWidgetBundle.swift in Sources */,
				AA1000010000000000000006 /* CashCatWidget.swift in Sources */,
				AA1000010000000000000007 /* Intent.swift in Sources */,
				AA1000010000000000000009 /* SpendingEntry.swift in Sources */,
				AA100001000000000000000C /* SmallWidgetView.swift in Sources */,
				AA100001000000000000000D /* MediumWidgetView.swift in Sources */,
				AA100001000000000000000E /* LargeWidgetView.swift in Sources */,
				AA100001000000000000000F /* WidgetStyles.swift in Sources */,
				AA1000010000000000000010 /* ErrorViews.swift in Sources */,
				1C6EE27E20644C77974D3055 /* AuthManager.swift in Sources */,
				7E79E6B357AF49D3A06C7A1F /* SupabaseClient.swift in Sources */,
				3EF22785C2C7404289B30140 /* SpendingData.swift in Sources */,
				214F2762D6ED4E6987E4C3D3 /* AccessoryWidgetViews.swift in Sources */,
				F44B8BB28C1D4C0CB8CBAFFC /* QuickAddControl.swift in Sources */,
			);
			runOnlyForDeploymentPostprocessing = 0;
		};
/* End PBXSourcesBuildPhase section */

/* Begin PBXTargetDependency section */
		AA2000010000000000000002 /* PBXTargetDependency */ = {
			isa = PBXTargetDependency;
			target = AA3000010000000000000001 /* CashCatWidgetExtension */;
			targetProxy = AA2000010000000000000001 /* PBXContainerItemProxy */;
		};
/* End PBXTargetDependency section */

/* Begin PBXVariantGroup section */
		504EC30B1FED79650016851F /* Main.storyboard */ = {
			isa = PBXVariantGroup;
			children = (
				504EC30C1FED79650016851F /* Base */,
			);
			name = Main.storyboard;
			sourceTree = "<group>";
		};
		504EC3101FED79650016851F /* LaunchScreen.storyboard */ = {
			isa = PBXVariantGroup;
			children = (
				504EC3111FED79650016851F /* Base */,
			);
			name = LaunchScreen.storyboard;
			sourceTree = "<group>";
		};
/* End PBXVariantGroup section */

/* Begin XCBuildConfiguration section */
		504EC3141FED79650016851F /* Debug */ = {
			isa = XCBuildConfiguration;
			baseConfigurationReference = 958DCC722DB07C7200EA8C5F /* debug.xcconfig */;
			buildSettings = {
				ALWAYS_SEARCH_USER_PATHS = NO;
				CLANG_ANALYZER_NONNULL = YES;
				CLANG_ANALYZER_NUMBER_OBJECT_CONVERSION = YES_AGGRESSIVE;
				CLANG_CXX_LANGUAGE_STANDARD = "gnu++14";
				CLANG_CXX_LIBRARY = "libc++";
				CLANG_ENABLE_MODULES = YES;
				CLANG_ENABLE_OBJC_ARC = YES;
				CLANG_WARN_BLOCK_CAPTURE_AUTORELEASING = YES;
				CLANG_WARN_BOOL_CONVERSION = YES;
				CLANG_WARN_COMMA = YES;
				CLANG_WARN_CONSTANT_CONVERSION = YES;
				CLANG_WARN_DIRECT_OBJC_ISA_USAGE = YES_ERROR;
				CLANG_WARN_DOCUMENTATION_COMMENTS = YES;
				CLANG_WARN_EMPTY_BODY = YES;
				CLANG_WARN_ENUM_CONVERSION = YES;
				CLANG_WARN_INFINITE_RECURSION = YES;
				CLANG_WARN_INT_CONVERSION = YES;
				CLANG_WARN_NON_LITERAL_NULL_CONVERSION = YES;
				CLANG_WARN_OBJC_LITERAL_CONVERSION = YES;
				CLANG_WARN_OBJC_ROOT_CLASS = YES_ERROR;
				CLANG_WARN_RANGE_LOOP_ANALYSIS = YES;
				CLANG_WARN_STRICT_PROTOTYPES = YES;
				CLANG_WARN_SUSPICIOUS_MOVE = YES;
				CLANG_WARN_UNGUARDED_AVAILABILITY = YES_AGGRESSIVE;
				CLANG_WARN_UNREACHABLE_CODE = YES;
				CLANG_WARN__DUPLICATE_METHOD_MATCH = YES;
				CODE_SIGN_IDENTITY = "iPhone Developer";
				COPY_PHASE_STRIP = NO;
				DEBUG_INFORMATION_FORMAT = dwarf;
				ENABLE_STRICT_OBJC_MSGSEND = YES;
				ENABLE_TESTABILITY = YES;
				GCC_C_LANGUAGE_STANDARD = gnu11;
				GCC_DYNAMIC_NO_PIC = NO;
				GCC_NO_COMMON_BLOCKS = YES;
				GCC_OPTIMIZATION_LEVEL = 0;
				GCC_PREPROCESSOR_DEFINITIONS = (
					"DEBUG=1",
					"$(inherited)",
				);
				GCC_WARN_64_TO_32_BIT_CONVERSION = YES;
				GCC_WARN_ABOUT_RETURN_TYPE = YES_ERROR;
				GCC_WARN_UNDECLARED_SELECTOR = YES;
				GCC_WARN_UNINITIALIZED_AUTOS = YES_AGGRESSIVE;
				GCC_WARN_UNUSED_FUNCTION = YES;
				GCC_WARN_UNUSED_VARIABLE = YES;
				IPHONEOS_DEPLOYMENT_TARGET = 15.0;
				MTL_ENABLE_DEBUG_INFO = YES;
				ONLY_ACTIVE_ARCH = YES;
				SDKROOT = iphoneos;
				SWIFT_ACTIVE_COMPILATION_CONDITIONS = DEBUG;
				SWIFT_OPTIMIZATION_LEVEL = "-Onone";
			};
			name = Debug;
		};
		504EC3151FED79650016851F /* Release */ = {
			isa = XCBuildConfiguration;
			buildSettings = {
				ALWAYS_SEARCH_USER_PATHS = NO;
				CLANG_ANALYZER_NONNULL = YES;
				CLANG_ANALYZER_NUMBER_OBJECT_CONVERSION = YES_AGGRESSIVE;
				CLANG_CXX_LANGUAGE_STANDARD = "gnu++14";
				CLANG_CXX_LIBRARY = "libc++";
				CLANG_ENABLE_MODULES = YES;
				CLANG_ENABLE_OBJC_ARC = YES;
				CLANG_WARN_BLOCK_CAPTURE_AUTORELEASING = YES;
				CLANG_WARN_BOOL_CONVERSION = YES;
				CLANG_WARN_COMMA = YES;
				CLANG_WARN_CONSTANT_CONVERSION = YES;
				CLANG_WARN_DIRECT_OBJC_ISA_USAGE = YES_ERROR;
				CLANG_WARN_DOCUMENTATION_COMMENTS = YES;
				CLANG_WARN_EMPTY_BODY = YES;
				CLANG_WARN_ENUM_CONVERSION = YES;
				CLANG_WARN_INFINITE_RECURSION = YES;
				CLANG_WARN_INT_CONVERSION = YES;
				CLANG_WARN_NON_LITERAL_NULL_CONVERSION = YES;
				CLANG_WARN_OBJC_LITERAL_CONVERSION = YES;
				CLANG_WARN_OBJC_ROOT_CLASS = YES_ERROR;
				CLANG_WARN_RANGE_LOOP_ANALYSIS = YES;
				CLANG_WARN_STRICT_PROTOTYPES = YES;
				CLANG_WARN_SUSPICIOUS_MOVE = YES;
				CLANG_WARN_UNGUARDED_AVAILABILITY = YES_AGGRESSIVE;
				CLANG_WARN_UNREACHABLE_CODE = YES;
				CLANG_WARN__DUPLICATE_METHOD_MATCH = YES;
				CODE_SIGN_IDENTITY = "iPhone Developer";
				COPY_PHASE_STRIP = NO;
				DEBUG_INFORMATION_FORMAT = "dwarf-with-dsym";
				ENABLE_NS_ASSERTIONS = NO;
				ENABLE_STRICT_OBJC_MSGSEND = YES;
				GCC_C_LANGUAGE_STANDARD = gnu11;
				GCC_NO_COMMON_BLOCKS = YES;
				GCC_WARN_64_TO_32_BIT_CONVERSION = YES;
				GCC_WARN_ABOUT_RETURN_TYPE = YES_ERROR;
				GCC_WARN_UNDECLARED_SELECTOR = YES;
				GCC_WARN_UNINITIALIZED_AUTOS = YES_AGGRESSIVE;
				GCC_WARN_UNUSED_FUNCTION = YES;
				GCC_WARN_UNUSED_VARIABLE = YES;
				IPHONEOS_DEPLOYMENT_TARGET = 15.0;
				MTL_ENABLE_DEBUG_INFO = NO;
				SDKROOT = iphoneos;
				SWIFT_COMPILATION_MODE = wholemodule;
				SWIFT_OPTIMIZATION_LEVEL = "-O";
				VALIDATE_PRODUCT = YES;
			};
			name = Release;
		};
		504EC3171FED79650016851F /* Debug */ = {
			isa = XCBuildConfiguration;
			baseConfigurationReference = 958DCC722DB07C7200EA8C5F /* debug.xcconfig */;
			buildSettings = {
				ASSETCATALOG_COMPILER_APPICON_NAME = AppIcon;
				CODE_SIGN_ENTITLEMENTS = App/App.entitlements;
				CODE_SIGN_STYLE = Automatic;
				CURRENT_PROJECT_VERSION = 1;
				DEVELOPMENT_TEAM = W4KN23A7K8;
				INFOPLIST_FILE = App/Info.plist;
				IPHONEOS_DEPLOYMENT_TARGET = 15.0;
				LD_RUNPATH_SEARCH_PATHS = (
					"$(inherited)",
					"@executable_path/Frameworks",
				);
				MARKETING_VERSION = 1.0;
				OTHER_SWIFT_FLAGS = "$(inherited) \"-D\" \"COCOAPODS\" \"-DDEBUG\"";
				PRODUCT_BUNDLE_IDENTIFIER = com.lemonaise.cashcat;
				PRODUCT_NAME = "$(TARGET_NAME)";
				SWIFT_ACTIVE_COMPILATION_CONDITIONS = DEBUG;
				SWIFT_VERSION = 5.0;
				TARGETED_DEVICE_FAMILY = "1,2";
			};
			name = Debug;
		};
		504EC3181FED79650016851F /* Release */ = {
			isa = XCBuildConfiguration;
			buildSettings = {
				ASSETCATALOG_COMPILER_APPICON_NAME = AppIcon;
				CODE_SIGN_ENTITLEMENTS = App/App.entitlements;
				CODE_SIGN_STYLE = Automatic;
				CURRENT_PROJECT_VERSION = 1;
				DEVELOPMENT_TEAM = W4KN23A7K8;
				INFOPLIST_FILE = App/Info.plist;
				IPHONEOS_DEPLOYMENT_TARGET = 15.0;
				LD_RUNPATH_SEARCH_PATHS = (
					"$(inherited)",
					"@executable_path/Frameworks",
				);
				MARKETING_VERSION = 1.0;
				PRODUCT_BUNDLE_IDENTIFIER = com.lemonaise.cashcat;
				PRODUCT_NAME = "$(TARGET_NAME)";
				SWIFT_ACTIVE_COMPILATION_CONDITIONS = "";
				SWIFT_VERSION = 5.0;
				TARGETED_DEVICE_FAMILY = "1,2";
			};
			name = Release;
		};
		AA7000010000000000000001 /* Debug */ = {
			isa = XCBuildConfiguration;
			buildSettings = {
				ASSETCATALOG_COMPILER_GLOBAL_ACCENT_COLOR_NAME = AccentColor;
				ASSETCATALOG_COMPILER_WIDGET_BACKGROUND_COLOR_NAME = WidgetBackground;
				CODE_SIGN_ENTITLEMENTS = CashCatWidget/CashCatWidget.entitlements;
				CODE_SIGN_STYLE = Automatic;
				CURRENT_PROJECT_VERSION = 1;
				DEVELOPMENT_TEAM = W4KN23A7K8;
				GENERATE_INFOPLIST_FILE = NO;
				INFOPLIST_FILE = CashCatWidget/Info.plist;
				IPHONEOS_DEPLOYMENT_TARGET = 17.0;
				LD_RUNPATH_SEARCH_PATHS = (
					"$(inherited)",
					"@executable_path/Frameworks",
					"@executable_path/../../Frameworks",
				);
				MARKETING_VERSION = 1.0;
				PRODUCT_BUNDLE_IDENTIFIER = com.lemonaise.cashcat.widget;
				PRODUCT_NAME = "$(TARGET_NAME)";
				SKIP_INSTALL = YES;
				SWIFT_ACTIVE_COMPILATION_CONDITIONS = DEBUG;
				SWIFT_EMIT_LOC_STRINGS = YES;
				SWIFT_VERSION = 5.0;
				TARGETED_DEVICE_FAMILY = "1,2";
			};
			name = Debug;
		};
		AA7000010000000000000002 /* Release */ = {
			isa = XCBuildConfiguration;
			buildSettings = {
				ASSETCATALOG_COMPILER_GLOBAL_ACCENT_COLOR_NAME = AccentColor;
				ASSETCATALOG_COMPILER_WIDGET_BACKGROUND_COLOR_NAME = WidgetBackground;
				CODE_SIGN_ENTITLEMENTS = CashCatWidget/CashCatWidget.entitlements;
				CODE_SIGN_STYLE = Automatic;
				CURRENT_PROJECT_VERSION = 1;
				DEVELOPMENT_TEAM = W4KN23A7K8;
				GENERATE_INFOPLIST_FILE = NO;
				INFOPLIST_FILE = CashCatWidget/Info.plist;
				IPHONEOS_DEPLOYMENT_TARGET = 17.0;
				LD_RUNPATH_SEARCH_PATHS = (
					"$(inherited)",
					"@executable_path/Frameworks",
					"@executable_path/../../Frameworks",
				);
				MARKETING_VERSION = 1.0;
				PRODUCT_BUNDLE_IDENTIFIER = com.lemonaise.cashcat.widget;
				PRODUCT_NAME = "$(TARGET_NAME)";
				SKIP_INSTALL = YES;
				SWIFT_ACTIVE_COMPILATION_CONDITIONS = "";
				SWIFT_EMIT_LOC_STRINGS = YES;
				SWIFT_VERSION = 5.0;
				TARGETED_DEVICE_FAMILY = "1,2";
			};
			name = Release;
		};
/* End XCBuildConfiguration section */

/* Begin XCConfigurationList section */
		504EC2FF1FED79650016851F /* Build configuration list for PBXProject "App" */ = {
			isa = XCConfigurationList;
			buildConfigurations = (
				504EC3141FED79650016851F /* Debug */,
				504EC3151FED79650016851F /* Release */,
			);
			defaultConfigurationIsVisible = 0;
			defaultConfigurationName = Release;
		};
		504EC3161FED79650016851F /* Build configuration list for PBXNativeTarget "App" */ = {
			isa = XCConfigurationList;
			buildConfigurations = (
				504EC3171FED79650016851F /* Debug */,
				504EC3181FED79650016851F /* Release */,
			);
			defaultConfigurationIsVisible = 0;
			defaultConfigurationName = Release;
		};
		AA7000010000000000000003 /* Build configuration list for PBXNativeTarget "CashCatWidgetExtension" */ = {
			isa = XCConfigurationList;
			buildConfigurations = (
				AA7000010000000000000001 /* Debug */,
				AA7000010000000000000002 /* Release */,
			);
			defaultConfigurationIsVisible = 0;
			defaultConfigurationName = Release;
		};
/* End XCConfigurationList section */

/* Begin XCLocalSwiftPackageReference section */
		D4C12C0A2AAA248700AAC8A2 /* XCLocalSwiftPackageReference "CapApp-SPM" */ = {
			isa = XCLocalSwiftPackageReference;
			relativePath = "CapApp-SPM";
		};
/* End XCLocalSwiftPackageReference section */

/* Begin XCSwiftPackageProductDependency section */
		4D22ABE82AF431CB00220026 /* CapApp-SPM */ = {
			isa = XCSwiftPackageProductDependency;
			package = D4C12C0A2AAA248700AAC8A2 /* XCLocalSwiftPackageReference "CapApp-SPM" */;
			productName = "CapApp-SPM";
		};
/* End XCSwiftPackageProductDependency section */
	};
	rootObject = 504EC2FC1FED79650016851F /* Project object */;
}
